// !$*UTF8*$!
{
	archiveVersion = 1;
	classes = {
	};
	objectVersion = 46;
	objects = {

/* Begin PBXBuildFile section */
		4FA8B8581DABD7FD0076F366 /* main.swift in Sources */ = {isa = PBXBuildFile; fileRef = 4FA8B8571DABD7FD0076F366 /* main.swift */; };
		4FA8B85F1DABDB720076F366 /* interactive.swift in Sources */ = {isa = PBXBuildFile; fileRef = 4FA8B85E1DABDB720076F366 /* interactive.swift */; };
		4FA8B8611DABE5AC0076F366 /* io.swift in Sources */ = {isa = PBXBuildFile; fileRef = 4FA8B8601DABE5AC0076F366 /* io.swift */; };
/* End PBXBuildFile section */

/* Begin PBXCopyFilesBuildPhase section */
		4FA8B8521DABD7FD0076F366 /* CopyFiles */ = {
			isa = PBXCopyFilesBuildPhase;
			buildActionMask = 2147483647;
			dstPath = /usr/share/man/man1/;
			dstSubfolderSpec = 0;
			files = (
			);
			runOnlyForDeploymentPostprocessing = 1;
		};
/* End PBXCopyFilesBuildPhase section */

/* Begin PBXFileReference section */
		4FA8B8541DABD7FD0076F366 /* CommandLineBase */ = {isa = PBXFileReference; explicitFileType = "compiled.mach-o.executable"; includeInIndex = 0; path = CommandLineBase; sourceTree = BUILT_PRODUCTS_DIR; };
		4FA8B8571DABD7FD0076F366 /* main.swift */ = {isa = PBXFileReference; lastKnownFileType = sourcecode.swift; path = main.swift; sourceTree = "<group>"; };
		4FA8B85E1DABDB720076F366 /* interactive.swift */ = {isa = PBXFileReference; fileEncoding = 4; lastKnownFileType = sourcecode.swift; path = interactive.swift; sourceTree = "<group>"; };
		4FA8B8601DABE5AC0076F366 /* io.swift */ = {isa = PBXFileReference; fileEncoding = 4; lastKnownFileType = sourcecode.swift; path = io.swift; sourceTree = "<group>"; };
/* End PBXFileReference section */

/* Begin PBXFrameworksBuildPhase section */
		4FA8B8511DABD7FD0076F366 /* Frameworks */ = {
			isa = PBXFrameworksBuildPhase;
			buildActionMask = 2147483647;
			files = (
			);
			runOnlyForDeploymentPostprocessing = 0;
		};
/* End PBXFrameworksBuildPhase section */

/* Begin PBXGroup section */
		4FA8B84B1DABD7FD0076F366 = {
			isa = PBXGroup;
			children = (
				4FA8B8561DABD7FD0076F366 /* CommandLineBase */,
				4FA8B8551DABD7FD0076F366 /* Products */,
			);
			sourceTree = "<group>";
		};
		4FA8B8551DABD7FD0076F366 /* Products */ = {
			isa = PBXGroup;
			children = (
				4FA8B8541DABD7FD0076F366 /* CommandLineBase */,
			);
			name = Products;
			sourceTree = "<group>";
		};
		4FA8B8561DABD7FD0076F366 /* CommandLineBase */ = {
			isa = PBXGroup;
			children = (
				4FA8B8571DABD7FD0076F366 /* main.swift */,
				4FA8B85E1DABDB720076F366 /* interactive.swift */,
				4FA8B8601DABE5AC0076F366 /* io.swift */,
			);
			path = CommandLineBase;
			sourceTree = "<group>";
		};
/* End PBXGroup section */

/* Begin PBXNativeTarget section */
		4FA8B8531DABD7FD0076F366 /* CommandLineBase */ = {
			isa = PBXNativeTarget;
			buildConfigurationList = 4FA8B85B1DABD7FD0076F366 /* Build configuration list for PBXNativeTarget "CommandLineBase" */;
			buildPhases = (
				4FA8B8501DABD7FD0076F366 /* Sources */,
				4FA8B8511DABD7FD0076F366 /* Frameworks */,
				4FA8B8521DABD7FD0076F366 /* CopyFiles */,
			);
			buildRules = (
			);
			dependencies = (
			);
			name = CommandLineBase;
			productName = CommandLineBase;
			productReference = 4FA8B8541DABD7FD0076F366 /* CommandLineBase */;
			productType = "com.apple.product-type.tool";
		};
/* End PBXNativeTarget section */

/* Begin PBXProject section */
		4FA8B84C1DABD7FD0076F366 /* Project object */ = {
			isa = PBXProject;
			attributes = {
				LastSwiftUpdateCheck = 0800;
				LastUpgradeCheck = 0800;
				ORGANIZATIONNAME = Kitty;
				TargetAttributes = {
					4FA8B8531DABD7FD0076F366 = {
						CreatedOnToolsVersion = 8.0;
						ProvisioningStyle = Automatic;
					};
				};
			};
			buildConfigurationList = 4FA8B84F1DABD7FD0076F366 /* Build configuration list for PBXProject "CommandLineBase" */;
			compatibilityVersion = "Xcode 3.2";
			developmentRegion = English;
			hasScannedForEncodings = 0;
			knownRegions = (
				en,
			);
			mainGroup = 4FA8B84B1DABD7FD0076F366;
			productRefGroup = 4FA8B8551DABD7FD0076F366 /* Products */;
			projectDirPath = "";
			projectRoot = "";
			targets = (
				4FA8B8531DABD7FD0076F366 /* CommandLineBase */,
			);
		};
/* End PBXProject section */

/* Begin PBXSourcesBuildPhase section */
		4FA8B8501DABD7FD0076F366 /* Sources */ = {
			isa = PBXSourcesBuildPhase;
			buildActionMask = 2147483647;
			files = (
				4FA8B8611DABE5AC0076F366 /* io.swift in Sources */,
				4FA8B85F1DABDB720076F366 /* interactive.swift in Sources */,
				4FA8B8581DABD7FD0076F366 /* main.swift in Sources */,
			);
			runOnlyForDeploymentPostprocessing = 0;
		};
/* End PBXSourcesBuildPhase section */

/* Begin XCBuildConfiguration section */
		4FA8B8591DABD7FD0076F366 /* Debug */ = {
			isa = XCBuildConfiguration;
			buildSettings = {
				ALWAYS_SEARCH_USER_PATHS = NO;
				CLANG_ANALYZER_NONNULL = YES;
				CLANG_CXX_LANGUAGE_STANDARD = "gnu++0x";
				CLANG_CXX_LIBRARY = "libc++";
				CLANG_ENABLE_MODULES = YES;
				CLANG_ENABLE_OBJC_ARC = YES;
				CLANG_WARN_BOOL_CONVERSION = YES;
				CLANG_WARN_CONSTANT_CONVERSION = YES;
				CLANG_WARN_DIRECT_OBJC_ISA_USAGE = YES_ERROR;
				CLANG_WARN_DOCUMENTATION_COMMENTS = YES;
				CLANG_WARN_EMPTY_BODY = YES;
				CLANG_WARN_ENUM_CONVERSION = YES;
				CLANG_WARN_INFINITE_RECURSION = YES;
				CLANG_WARN_INT_CONVERSION = YES;
				CLANG_WARN_OBJC_ROOT_CLASS = YES_ERROR;
				CLANG_WARN_SUSPICIOUS_MOVES = YES;
				CLANG_WARN_UNREACHABLE_CODE = YES;
				CLANG_WARN__DUPLICATE_METHOD_MATCH = YES;
				CODE_SIGN_IDENTITY = "-";
				COPY_PHASE_STRIP = NO;
				DEBUG_INFORMATION_FORMAT = dwarf;
				ENABLE_STRICT_OBJC_MSGSEND = YES;
				ENABLE_TESTABILITY = YES;
				GCC_C_LANGUAGE_STANDARD = gnu99;
				GCC_DYNAMIC_NO_PIC = NO;
				GCC_NO_COMMON_BLOCKS = YES;
				GCC_OPTIMIZATION_LEVEL = 0;
				GCC_PREPROCESSOR_DEFINITIONS = (
					"DEBUG=1",
					"$(inherited)",
				);
				GCC_WARN_64_TO_32_BIT_CONVERSION = YES;
				GCC_WARN_ABOUT_RETURN_TYPE = YES_ERROR;
				GCC_WARN_UNDECLARED_SELECTOR = YES;
				GCC_WARN_UNINITIALIZED_AUTOS = YES_AGGRESSIVE;
				GCC_WARN_UNUSED_FUNCTION = YES;
				GCC_WARN_UNUSED_VARIABLE = YES;
				MACOSX_DEPLOYMENT_TARGET = 10.11;
				MTL_ENABLE_DEBUG_INFO = YES;
				ONLY_ACTIVE_ARCH = YES;
				SDKROOT = macosx;
				SWIFT_OPTIMIZATION_LEVEL = "-Onone";
			};
			name = Debug;
		};
		4FA8B85A1DABD7FD0076F366 /* Release */ = {
			isa = XCBuildConfiguration;
			buildSettings = {
				ALWAYS_SEARCH_USER_PATHS = NO;
				CLANG_ANALYZER_NONNULL = YES;
				CLANG_CXX_LANGUAGE_STANDARD = "gnu++0x";
				CLANG_CXX_LIBRARY = "libc++";
				CLANG_ENABLE_MODULES = YES;
				CLANG_ENABLE_OBJC_ARC = YES;
				CLANG_WARN_BOOL_CONVERSION = YES;
				CLANG_WARN_CONSTANT_CONVERSION = YES;
				CLANG_WARN_DIRECT_OBJC_ISA_USAGE = YES_ERROR;
				CLANG_WARN_DOCUMENTATION_COMMENTS = YES;
				CLANG_WARN_EMPTY_BODY = YES;
				CLANG_WARN_ENUM_CONVERSION = YES;
				CLANG_WARN_INFINITE_RECURSION = YES;
				CLANG_WARN_INT_CONVERSION = YES;
				CLANG_WARN_OBJC_ROOT_CLASS = YES_ERROR;
				CLANG_WARN_SUSPICIOUS_MOVES = YES;
				CLANG_WARN_UNREACHABLE_CODE = YES;
				CLANG_WARN__DUPLICATE_METHOD_MATCH = YES;
				CODE_SIGN_IDENTITY = "-";
				COPY_PHASE_STRIP = NO;
				DEBUG_INFORMATION_FORMAT = "dwarf-with-dsym";
				ENABLE_NS_ASSERTIONS = NO;
				ENABLE_STRICT_OBJC_MSGSEND = YES;
				GCC_C_LANGUAGE_STANDARD = gnu99;
				GCC_NO_COMMON_BLOCKS = YES;
				GCC_WARN_64_TO_32_BIT_CONVERSION = YES;
				GCC_WARN_ABOUT_RETURN_TYPE = YES_ERROR;
				GCC_WARN_UNDECLARED_SELECTOR = YES;
				GCC_WARN_UNINITIALIZED_AUTOS = YES_AGGRESSIVE;
				GCC_WARN_UNUSED_FUNCTION = YES;
				GCC_WARN_UNUSED_VARIABLE = YES;
				MACOSX_DEPLOYMENT_TARGET = 10.11;
				MTL_ENABLE_DEBUG_INFO = NO;
				SDKROOT = macosx;
			};
			name = Release;
		};
		4FA8B85C1DABD7FD0076F366 /* Debug */ = {
			isa = XCBuildConfiguration;
			buildSettings = {
				PRODUCT_NAME = "$(TARGET_NAME)";
				SWIFT_VERSION = 3.0;
			};
			name = Debug;
		};
		4FA8B85D1DABD7FD0076F366 /* Release */ = {
			isa = XCBuildConfiguration;
			buildSettings = {
				PRODUCT_NAME = "$(TARGET_NAME)";
				SWIFT_VERSION = 3.0;
			};
			name = Release;
		};
/* End XCBuildConfiguration section */

/* Begin XCConfigurationList section */
		4FA8B84F1DABD7FD0076F366 /* Build configuration list for PBXProject "CommandLineBase" */ = {
			isa = XCConfigurationList;
			buildConfigurations = (
				4FA8B8591DABD7FD0076F366 /* Debug */,
				4FA8B85A1DABD7FD0076F366 /* Release */,
			);
			defaultConfigurationIsVisible = 0;
			defaultConfigurationName = Release;
		};
		4FA8B85B1DABD7FD0076F366 /* Build configuration list for PBXNativeTarget "CommandLineBase" */ = {
			isa = XCConfigurationList;
			buildConfigurations = (
				4FA8B85C1DABD7FD0076F366 /* Debug */,
				4FA8B85D1DABD7FD0076F366 /* Release */,
			);
			defaultConfigurationIsVisible = 0;
		};
/* End XCConfigurationList section */
	};
	rootObject = 4FA8B84C1DABD7FD0076F366 /* Project object */;
}
